// !$*UTF8*$!
{
	archiveVersion = 1;
	classes = {
	};
	objectVersion = 46;
	objects = {

/* Begin PBXBuildFile section */
		B8D45E931CF8DFC800DDDAD3 /* AppDelegate.swift in Sources */ = {isa = PBXBuildFile; fileRef = B8D45E921CF8DFC800DDDAD3 /* AppDelegate.swift */; };
		B8D45E951CF8DFC800DDDAD3 /* ViewController.swift in Sources */ = {isa = PBXBuildFile; fileRef = B8D45E941CF8DFC800DDDAD3 /* ViewController.swift */; };
		B8D45E981CF8DFC800DDDAD3 /* Main.storyboard in Resources */ = {isa = PBXBuildFile; fileRef = B8D45E961CF8DFC800DDDAD3 /* Main.storyboard */; };
		B8D45E9A1CF8DFC900DDDAD3 /* Assets.xcassets in Resources */ = {isa = PBXBuildFile; fileRef = B8D45E991CF8DFC900DDDAD3 /* Assets.xcassets */; };
		B8D45E9D1CF8DFC900DDDAD3 /* LaunchScreen.storyboard in Resources */ = {isa = PBXBuildFile; fileRef = B8D45E9B1CF8DFC900DDDAD3 /* LaunchScreen.storyboard */; };
		B8D45EA81CF8DFC900DDDAD3 /* SiliconValleyCompaniesTests.swift in Sources */ = {isa = PBXBuildFile; fileRef = B8D45EA71CF8DFC900DDDAD3 /* SiliconValleyCompaniesTests.swift */; };
		B8D45EB31CF8DFC900DDDAD3 /* SiliconValleyCompaniesUITests.swift in Sources */ = {isa = PBXBuildFile; fileRef = B8D45EB21CF8DFC900DDDAD3 /* SiliconValleyCompaniesUITests.swift */; };
		B8D45EC21CF8E06800DDDAD3 /* TechCompaniesHelper.swift in Sources */ = {isa = PBXBuildFile; fileRef = B8D45EC11CF8E06800DDDAD3 /* TechCompaniesHelper.swift */; };
/* End PBXBuildFile section */

/* Begin PBXContainerItemProxy section */
		B8D45EA41CF8DFC900DDDAD3 /* PBXContainerItemProxy */ = {
			isa = PBXContainerItemProxy;
			containerPortal = B8D45E871CF8DFC800DDDAD3 /* Project object */;
			proxyType = 1;
			remoteGlobalIDString = B8D45E8E1CF8DFC800DDDAD3;
			remoteInfo = SiliconValleyCompanies;
		};
		B8D45EAF1CF8DFC900DDDAD3 /* PBXContainerItemProxy */ = {
			isa = PBXContainerItemProxy;
			containerPortal = B8D45E871CF8DFC800DDDAD3 /* Project object */;
			proxyType = 1;
			remoteGlobalIDString = B8D45E8E1CF8DFC800DDDAD3;
			remoteInfo = SiliconValleyCompanies;
		};
/* End PBXContainerItemProxy section */

/* Begin PBXFileReference section */
		B8D45E8F1CF8DFC800DDDAD3 /* SiliconValleyCompanies.app */ = {isa = PBXFileReference; explicitFileType = wrapper.application; includeInIndex = 0; path = SiliconValleyCompanies.app; sourceTree = BUILT_PRODUCTS_DIR; };
		B8D45E921CF8DFC800DDDAD3 /* AppDelegate.swift */ = {isa = PBXFileReference; lastKnownFileType = sourcecode.swift; path = AppDelegate.swift; sourceTree = "<group>"; };
		B8D45E941CF8DFC800DDDAD3 /* ViewController.swift */ = {isa = PBXFileReference; lastKnownFileType = sourcecode.swift; path = ViewController.swift; sourceTree = "<group>"; };
		B8D45E971CF8DFC800DDDAD3 /* Base */ = {isa = PBXFileReference; lastKnownFileType = file.storyboard; name = Base; path = Base.lproj/Main.storyboard; sourceTree = "<group>"; };
		B8D45E991CF8DFC900DDDAD3 /* Assets.xcassets */ = {isa = PBXFileReference; lastKnownFileType = folder.assetcatalog; path = Assets.xcassets; sourceTree = "<group>"; };
		B8D45E9C1CF8DFC900DDDAD3 /* Base */ = {isa = PBXFileReference; lastKnownFileType = file.storyboard; name = Base; path = Base.lproj/LaunchScreen.storyboard; sourceTree = "<group>"; };
		B8D45E9E1CF8DFC900DDDAD3 /* Info.plist */ = {isa = PBXFileReference; lastKnownFileType = text.plist.xml; path = Info.plist; sourceTree = "<group>"; };
		B8D45EA31CF8DFC900DDDAD3 /* SiliconValleyCompaniesTests.xctest */ = {isa = PBXFileReference; explicitFileType = wrapper.cfbundle; includeInIndex = 0; path = SiliconValleyCompaniesTests.xctest; sourceTree = BUILT_PRODUCTS_DIR; };
		B8D45EA71CF8DFC900DDDAD3 /* SiliconValleyCompaniesTests.swift */ = {isa = PBXFileReference; lastKnownFileType = sourcecode.swift; path = SiliconValleyCompaniesTests.swift; sourceTree = "<group>"; };
		B8D45EA91CF8DFC900DDDAD3 /* Info.plist */ = {isa = PBXFileReference; lastKnownFileType = text.plist.xml; path = Info.plist; sourceTree = "<group>"; };
		B8D45EAE1CF8DFC900DDDAD3 /* SiliconValleyCompaniesUITests.xctest */ = {isa = PBXFileReference; explicitFileType = wrapper.cfbundle; includeInIndex = 0; path = SiliconValleyCompaniesUITests.xctest; sourceTree = BUILT_PRODUCTS_DIR; };
		B8D45EB21CF8DFC900DDDAD3 /* SiliconValleyCompaniesUITests.swift */ = {isa = PBXFileReference; lastKnownFileType = sourcecode.swift; path = SiliconValleyCompaniesUITests.swift; sourceTree = "<group>"; };
		B8D45EB41CF8DFC900DDDAD3 /* Info.plist */ = {isa = PBXFileReference; lastKnownFileType = text.plist.xml; path = Info.plist; sourceTree = "<group>"; };
		B8D45EC11CF8E06800DDDAD3 /* TechCompaniesHelper.swift */ = {isa = PBXFileReference; fileEncoding = 4; lastKnownFileType = sourcecode.swift; path = TechCompaniesHelper.swift; sourceTree = "<group>"; };
/* End PBXFileReference section */

/* Begin PBXFrameworksBuildPhase section */
		B8D45E8C1CF8DFC800DDDAD3 /* Frameworks */ = {
			isa = PBXFrameworksBuildPhase;
			buildActionMask = 2147483647;
			files = (
			);
			runOnlyForDeploymentPostprocessing = 0;
		};
		B8D45EA01CF8DFC900DDDAD3 /* Frameworks */ = {
			isa = PBXFrameworksBuildPhase;
			buildActionMask = 2147483647;
			files = (
			);
			runOnlyForDeploymentPostprocessing = 0;
		};
		B8D45EAB1CF8DFC900DDDAD3 /* Frameworks */ = {
			isa = PBXFrameworksBuildPhase;
			buildActionMask = 2147483647;
			files = (
			);
			runOnlyForDeploymentPostprocessing = 0;
		};
/* End PBXFrameworksBuildPhase section */

/* Begin PBXGroup section */
		B8D45E861CF8DFC800DDDAD3 = {
			isa = PBXGroup;
			children = (
				B8D45E911CF8DFC800DDDAD3 /* SiliconValleyCompanies */,
				B8D45EA61CF8DFC900DDDAD3 /* SiliconValleyCompaniesTests */,
				B8D45EB11CF8DFC900DDDAD3 /* SiliconValleyCompaniesUITests */,
				B8D45E901CF8DFC800DDDAD3 /* Products */,
			);
			sourceTree = "<group>";
		};
		B8D45E901CF8DFC800DDDAD3 /* Products */ = {
			isa = PBXGroup;
			children = (
				B8D45E8F1CF8DFC800DDDAD3 /* SiliconValleyCompanies.app */,
				B8D45EA31CF8DFC900DDDAD3 /* SiliconValleyCompaniesTests.xctest */,
				B8D45EAE1CF8DFC900DDDAD3 /* SiliconValleyCompaniesUITests.xctest */,
			);
			name = Products;
			sourceTree = "<group>";
		};
		B8D45E911CF8DFC800DDDAD3 /* SiliconValleyCompanies */ = {
			isa = PBXGroup;
			children = (
				B8D45EC01CF8E00800DDDAD3 /* Models */,
				B8D45E921CF8DFC800DDDAD3 /* AppDelegate.swift */,
				B8D45E941CF8DFC800DDDAD3 /* ViewController.swift */,
				B8D45E961CF8DFC800DDDAD3 /* Main.storyboard */,
				B8D45E991CF8DFC900DDDAD3 /* Assets.xcassets */,
				B8D45E9B1CF8DFC900DDDAD3 /* LaunchScreen.storyboard */,
				B8D45E9E1CF8DFC900DDDAD3 /* Info.plist */,
			);
			path = SiliconValleyCompanies;
			sourceTree = "<group>";
		};
		B8D45EA61CF8DFC900DDDAD3 /* SiliconValleyCompaniesTests */ = {
			isa = PBXGroup;
			children = (
				B8D45EA71CF8DFC900DDDAD3 /* SiliconValleyCompaniesTests.swift */,
				B8D45EA91CF8DFC900DDDAD3 /* Info.plist */,
			);
			path = SiliconValleyCompaniesTests;
			sourceTree = "<group>";
		};
		B8D45EB11CF8DFC900DDDAD3 /* SiliconValleyCompaniesUITests */ = {
			isa = PBXGroup;
			children = (
				B8D45EB21CF8DFC900DDDAD3 /* SiliconValleyCompaniesUITests.swift */,
				B8D45EB41CF8DFC900DDDAD3 /* Info.plist */,
			);
			path = SiliconValleyCompaniesUITests;
			sourceTree = "<group>";
		};
		B8D45EC01CF8E00800DDDAD3 /* Models */ = {
			isa = PBXGroup;
			children = (
				B8D45EC11CF8E06800DDDAD3 /* TechCompaniesHelper.swift */,
			);
			name = Models;
			sourceTree = "<group>";
		};
/* End PBXGroup section */

/* Begin PBXNativeTarget section */
		B8D45E8E1CF8DFC800DDDAD3 /* SiliconValleyCompanies */ = {
			isa = PBXNativeTarget;
			buildConfigurationList = B8D45EB71CF8DFC900DDDAD3 /* Build configuration list for PBXNativeTarget "SiliconValleyCompanies" */;
			buildPhases = (
				B8D45E8B1CF8DFC800DDDAD3 /* Sources */,
				B8D45E8C1CF8DFC800DDDAD3 /* Frameworks */,
				B8D45E8D1CF8DFC800DDDAD3 /* Resources */,
			);
			buildRules = (
			);
			dependencies = (
			);
			name = SiliconValleyCompanies;
			productName = SiliconValleyCompanies;
			productReference = B8D45E8F1CF8DFC800DDDAD3 /* SiliconValleyCompanies.app */;
			productType = "com.apple.product-type.application";
		};
		B8D45EA21CF8DFC900DDDAD3 /* SiliconValleyCompaniesTests */ = {
			isa = PBXNativeTarget;
			buildConfigurationList = B8D45EBA1CF8DFC900DDDAD3 /* Build configuration list for PBXNativeTarget "SiliconValleyCompaniesTests" */;
			buildPhases = (
				B8D45E9F1CF8DFC900DDDAD3 /* Sources */,
				B8D45EA01CF8DFC900DDDAD3 /* Frameworks */,
				B8D45EA11CF8DFC900DDDAD3 /* Resources */,
			);
			buildRules = (
			);
			dependencies = (
				B8D45EA51CF8DFC900DDDAD3 /* PBXTargetDependency */,
			);
			name = SiliconValleyCompaniesTests;
			productName = SiliconValleyCompaniesTests;
			productReference = B8D45EA31CF8DFC900DDDAD3 /* SiliconValleyCompaniesTests.xctest */;
			productType = "com.apple.product-type.bundle.unit-test";
		};
		B8D45EAD1CF8DFC900DDDAD3 /* SiliconValleyCompaniesUITests */ = {
			isa = PBXNativeTarget;
			buildConfigurationList = B8D45EBD1CF8DFC900DDDAD3 /* Build configuration list for PBXNativeTarget "SiliconValleyCompaniesUITests" */;
			buildPhases = (
				B8D45EAA1CF8DFC900DDDAD3 /* Sources */,
				B8D45EAB1CF8DFC900DDDAD3 /* Frameworks */,
				B8D45EAC1CF8DFC900DDDAD3 /* Resources */,
			);
			buildRules = (
			);
			dependencies = (
				B8D45EB01CF8DFC900DDDAD3 /* PBXTargetDependency */,
			);
			name = SiliconValleyCompaniesUITests;
			productName = SiliconValleyCompaniesUITests;
			productReference = B8D45EAE1CF8DFC900DDDAD3 /* SiliconValleyCompaniesUITests.xctest */;
			productType = "com.apple.product-type.bundle.ui-testing";
		};
/* End PBXNativeTarget section */

/* Begin PBXProject section */
		B8D45E871CF8DFC800DDDAD3 /* Project object */ = {
			isa = PBXProject;
			attributes = {
				LastSwiftUpdateCheck = 0730;
				LastUpgradeCheck = 0730;
				ORGANIZATIONNAME = "Josquin Gaillard";
				TargetAttributes = {
					B8D45E8E1CF8DFC800DDDAD3 = {
						CreatedOnToolsVersion = 7.3.1;
					};
					B8D45EA21CF8DFC900DDDAD3 = {
						CreatedOnToolsVersion = 7.3.1;
						TestTargetID = B8D45E8E1CF8DFC800DDDAD3;
					};
					B8D45EAD1CF8DFC900DDDAD3 = {
						CreatedOnToolsVersion = 7.3.1;
						TestTargetID = B8D45E8E1CF8DFC800DDDAD3;
					};
				};
			};
			buildConfigurationList = B8D45E8A1CF8DFC800DDDAD3 /* Build configuration list for PBXProject "SiliconValleyCompanies" */;
			compatibilityVersion = "Xcode 3.2";
			developmentRegion = English;
			hasScannedForEncodings = 0;
			knownRegions = (
				en,
				Base,
			);
			mainGroup = B8D45E861CF8DFC800DDDAD3;
			productRefGroup = B8D45E901CF8DFC800DDDAD3 /* Products */;
			projectDirPath = "";
			projectRoot = "";
			targets = (
				B8D45E8E1CF8DFC800DDDAD3 /* SiliconValleyCompanies */,
				B8D45EA21CF8DFC900DDDAD3 /* SiliconValleyCompaniesTests */,
				B8D45EAD1CF8DFC900DDDAD3 /* SiliconValleyCompaniesUITests */,
			);
		};
/* End PBXProject section */

/* Begin PBXResourcesBuildPhase section */
		B8D45E8D1CF8DFC800DDDAD3 /* Resources */ = {
			isa = PBXResourcesBuildPhase;
			buildActionMask = 2147483647;
			files = (
				B8D45E9D1CF8DFC900DDDAD3 /* LaunchScreen.storyboard in Resources */,
				B8D45E9A1CF8DFC900DDDAD3 /* Assets.xcassets in Resources */,
				B8D45E981CF8DFC800DDDAD3 /* Main.storyboard in Resources */,
			);
			runOnlyForDeploymentPostprocessing = 0;
		};
		B8D45EA11CF8DFC900DDDAD3 /* Resources */ = {
			isa = PBXResourcesBuildPhase;
			buildActionMask = 2147483647;
			files = (
			);
			runOnlyForDeploymentPostprocessing = 0;
		};
		B8D45EAC1CF8DFC900DDDAD3 /* Resources */ = {
			isa = PBXResourcesBuildPhase;
			buildActionMask = 2147483647;
			files = (
			);
			runOnlyForDeploymentPostprocessing = 0;
		};
/* End PBXResourcesBuildPhase section */

/* Begin PBXSourcesBuildPhase section */
		B8D45E8B1CF8DFC800DDDAD3 /* Sources */ = {
			isa = PBXSourcesBuildPhase;
			buildActionMask = 2147483647;
			files = (
				B8D45E951CF8DFC800DDDAD3 /* ViewController.swift in Sources */,
				B8D45E931CF8DFC800DDDAD3 /* AppDelegate.swift in Sources */,
				B8D45EC21CF8E06800DDDAD3 /* TechCompaniesHelper.swift in Sources */,
			);
			runOnlyForDeploymentPostprocessing = 0;
		};
		B8D45E9F1CF8DFC900DDDAD3 /* Sources */ = {
			isa = PBXSourcesBuildPhase;
			buildActionMask = 2147483647;
			files = (
				B8D45EA81CF8DFC900DDDAD3 /* SiliconValleyCompaniesTests.swift in Sources */,
			);
			runOnlyForDeploymentPostprocessing = 0;
		};
		B8D45EAA1CF8DFC900DDDAD3 /* Sources */ = {
			isa = PBXSourcesBuildPhase;
			buildActionMask = 2147483647;
			files = (
				B8D45EB31CF8DFC900DDDAD3 /* SiliconValleyCompaniesUITests.swift in Sources */,
			);
			runOnlyForDeploymentPostprocessing = 0;
		};
/* End PBXSourcesBuildPhase section */

/* Begin PBXTargetDependency section */
		B8D45EA51CF8DFC900DDDAD3 /* PBXTargetDependency */ = {
			isa = PBXTargetDependency;
			target = B8D45E8E1CF8DFC800DDDAD3 /* SiliconValleyCompanies */;
			targetProxy = B8D45EA41CF8DFC900DDDAD3 /* PBXContainerItemProxy */;
		};
		B8D45EB01CF8DFC900DDDAD3 /* PBXTargetDependency */ = {
			isa = PBXTargetDependency;
			target = B8D45E8E1CF8DFC800DDDAD3 /* SiliconValleyCompanies */;
			targetProxy = B8D45EAF1CF8DFC900DDDAD3 /* PBXContainerItemProxy */;
		};
/* End PBXTargetDependency section */

/* Begin PBXVariantGroup section */
		B8D45E961CF8DFC800DDDAD3 /* Main.storyboard */ = {
			isa = PBXVariantGroup;
			children = (
				B8D45E971CF8DFC800DDDAD3 /* Base */,
			);
			name = Main.storyboard;
			sourceTree = "<group>";
		};
		B8D45E9B1CF8DFC900DDDAD3 /* LaunchScreen.storyboard */ = {
			isa = PBXVariantGroup;
			children = (
				B8D45E9C1CF8DFC900DDDAD3 /* Base */,
			);
			name = LaunchScreen.storyboard;
			sourceTree = "<group>";
		};
/* End PBXVariantGroup section */

/* Begin XCBuildConfiguration section */
		B8D45EB51CF8DFC900DDDAD3 /* Debug */ = {
			isa = XCBuildConfiguration;
			buildSettings = {
				ALWAYS_SEARCH_USER_PATHS = NO;
				CLANG_ANALYZER_NONNULL = YES;
				CLANG_CXX_LANGUAGE_STANDARD = "gnu++0x";
				CLANG_CXX_LIBRARY = "libc++";
				CLANG_ENABLE_MODULES = YES;
				CLANG_ENABLE_OBJC_ARC = YES;
				CLANG_WARN_BOOL_CONVERSION = YES;
				CLANG_WARN_CONSTANT_CONVERSION = YES;
				CLANG_WARN_DIRECT_OBJC_ISA_USAGE = YES_ERROR;
				CLANG_WARN_EMPTY_BODY = YES;
				CLANG_WARN_ENUM_CONVERSION = YES;
				CLANG_WARN_INT_CONVERSION = YES;
				CLANG_WARN_OBJC_ROOT_CLASS = YES_ERROR;
				CLANG_WARN_UNREACHABLE_CODE = YES;
				CLANG_WARN__DUPLICATE_METHOD_MATCH = YES;
				"CODE_SIGN_IDENTITY[sdk=iphoneos*]" = "iPhone Developer";
				COPY_PHASE_STRIP = NO;
				DEBUG_INFORMATION_FORMAT = dwarf;
				ENABLE_STRICT_OBJC_MSGSEND = YES;
				ENABLE_TESTABILITY = YES;
				GCC_C_LANGUAGE_STANDARD = gnu99;
				GCC_DYNAMIC_NO_PIC = NO;
				GCC_NO_COMMON_BLOCKS = YES;
				GCC_OPTIMIZATION_LEVEL = 0;
				GCC_PREPROCESSOR_DEFINITIONS = (
					"DEBUG=1",
					"$(inherited)",
				);
				GCC_WARN_64_TO_32_BIT_CONVERSION = YES;
				GCC_WARN_ABOUT_RETURN_TYPE = YES_ERROR;
				GCC_WARN_UNDECLARED_SELECTOR = YES;
				GCC_WARN_UNINITIALIZED_AUTOS = YES_AGGRESSIVE;
				GCC_WARN_UNUSED_FUNCTION = YES;
				GCC_WARN_UNUSED_VARIABLE = YES;
				IPHONEOS_DEPLOYMENT_TARGET = 9.3;
				MTL_ENABLE_DEBUG_INFO = YES;
				ONLY_ACTIVE_ARCH = YES;
				SDKROOT = iphoneos;
				SWIFT_OPTIMIZATION_LEVEL = "-Onone";
				TARGETED_DEVICE_FAMILY = "1,2";
			};
			name = Debug;
		};
		B8D45EB61CF8DFC900DDDAD3 /* Release */ = {
			isa = XCBuildConfiguration;
			buildSettings = {
				ALWAYS_SEARCH_USER_PATHS = NO;
				CLANG_ANALYZER_NONNULL = YES;
				CLANG_CXX_LANGUAGE_STANDARD = "gnu++0x";
				CLANG_CXX_LIBRARY = "libc++";
				CLANG_ENABLE_MODULES = YES;
				CLANG_ENABLE_OBJC_ARC = YES;
				CLANG_WARN_BOOL_CONVERSION = YES;
				CLANG_WARN_CONSTANT_CONVERSION = YES;
				CLANG_WARN_DIRECT_OBJC_ISA_USAGE = YES_ERROR;
				CLANG_WARN_EMPTY_BODY = YES;
				CLANG_WARN_ENUM_CONVERSION = YES;
				CLANG_WARN_INT_CONVERSION = YES;
				CLANG_WARN_OBJC_ROOT_CLASS = YES_ERROR;
				CLANG_WARN_UNREACHABLE_CODE = YES;
				CLANG_WARN__DUPLICATE_METHOD_MATCH = YES;
				"CODE_SIGN_IDENTITY[sdk=iphoneos*]" = "iPhone Developer";
				COPY_PHASE_STRIP = NO;
				DEBUG_INFORMATION_FORMAT = "dwarf-with-dsym";
				ENABLE_NS_ASSERTIONS = NO;
				ENABLE_STRICT_OBJC_MSGSEND = YES;
				GCC_C_LANGUAGE_STANDARD = gnu99;
				GCC_NO_COMMON_BLOCKS = YES;
				GCC_WARN_64_TO_32_BIT_CONVERSION = YES;
				GCC_WARN_ABOUT_RETURN_TYPE = YES_ERROR;
				GCC_WARN_UNDECLARED_SELECTOR = YES;
				GCC_WARN_UNINITIALIZED_AUTOS = YES_AGGRESSIVE;
				GCC_WARN_UNUSED_FUNCTION = YES;
				GCC_WARN_UNUSED_VARIABLE = YES;
				IPHONEOS_DEPLOYMENT_TARGET = 9.3;
				MTL_ENABLE_DEBUG_INFO = NO;
				SDKROOT = iphoneos;
				TARGETED_DEVICE_FAMILY = "1,2";
				VALIDATE_PRODUCT = YES;
			};
			name = Release;
		};
		B8D45EB81CF8DFC900DDDAD3 /* Debug */ = {
			isa = XCBuildConfiguration;
			buildSettings = {
				ASSETCATALOG_COMPILER_APPICON_NAME = AppIcon;
				CODE_SIGN_IDENTITY = "iPhone Developer";
				INFOPLIST_FILE = SiliconValleyCompanies/Info.plist;
				LD_RUNPATH_SEARCH_PATHS = "$(inherited) @executable_path/Frameworks";
				PRODUCT_BUNDLE_IDENTIFIER = HolbertonSchool.SiliconValleyCompanies;
				PRODUCT_NAME = "$(TARGET_NAME)";
			};
			name = Debug;
		};
		B8D45EB91CF8DFC900DDDAD3 /* Release */ = {
			isa = XCBuildConfiguration;
			buildSettings = {
				ASSETCATALOG_COMPILER_APPICON_NAME = AppIcon;
				CODE_SIGN_IDENTITY = "iPhone Developer";
				INFOPLIST_FILE = SiliconValleyCompanies/Info.plist;
				LD_RUNPATH_SEARCH_PATHS = "$(inherited) @executable_path/Frameworks";
				PRODUCT_BUNDLE_IDENTIFIER = HolbertonSchool.SiliconValleyCompanies;
				PRODUCT_NAME = "$(TARGET_NAME)";
			};
			name = Release;
		};
		B8D45EBB1CF8DFC900DDDAD3 /* Debug */ = {
			isa = XCBuildConfiguration;
			buildSettings = {
				BUNDLE_LOADER = "$(TEST_HOST)";
				INFOPLIST_FILE = SiliconValleyCompaniesTests/Info.plist;
				LD_RUNPATH_SEARCH_PATHS = "$(inherited) @executable_path/Frameworks @loader_path/Frameworks";
				PRODUCT_BUNDLE_IDENTIFIER = HolbertonSchool.SiliconValleyCompaniesTests;
				PRODUCT_NAME = "$(TARGET_NAME)";
				TEST_HOST = "$(BUILT_PRODUCTS_DIR)/SiliconValleyCompanies.app/SiliconValleyCompanies";
			};
			name = Debug;
		};
		B8D45EBC1CF8DFC900DDDAD3 /* Release */ = {
			isa = XCBuildConfiguration;
			buildSettings = {
				BUNDLE_LOADER = "$(TEST_HOST)";
				INFOPLIST_FILE = SiliconValleyCompaniesTests/Info.plist;
				LD_RUNPATH_SEARCH_PATHS = "$(inherited) @executable_path/Frameworks @loader_path/Frameworks";
				PRODUCT_BUNDLE_IDENTIFIER = HolbertonSchool.SiliconValleyCompaniesTests;
				PRODUCT_NAME = "$(TARGET_NAME)";
				TEST_HOST = "$(BUILT_PRODUCTS_DIR)/SiliconValleyCompanies.app/SiliconValleyCompanies";
			};
			name = Release;
		};
		B8D45EBE1CF8DFC900DDDAD3 /* Debug */ = {
			isa = XCBuildConfiguration;
			buildSettings = {
				INFOPLIST_FILE = SiliconValleyCompaniesUITests/Info.plist;
				LD_RUNPATH_SEARCH_PATHS = "$(inherited) @executable_path/Frameworks @loader_path/Frameworks";
				PRODUCT_BUNDLE_IDENTIFIER = HolbertonSchool.SiliconValleyCompaniesUITests;
				PRODUCT_NAME = "$(TARGET_NAME)";
				TEST_TARGET_NAME = SiliconValleyCompanies;
			};
			name = Debug;
		};
		B8D45EBF1CF8DFC900DDDAD3 /* Release */ = {
			isa = XCBuildConfiguration;
			buildSettings = {
				INFOPLIST_FILE = SiliconValleyCompaniesUITests/Info.plist;
				LD_RUNPATH_SEARCH_PATHS = "$(inherited) @executable_path/Frameworks @loader_path/Frameworks";
				PRODUCT_BUNDLE_IDENTIFIER = HolbertonSchool.SiliconValleyCompaniesUITests;
				PRODUCT_NAME = "$(TARGET_NAME)";
				TEST_TARGET_NAME = SiliconValleyCompanies;
			};
			name = Release;
		};
/* End XCBuildConfiguration section */

/* Begin XCConfigurationList section */
		B8D45E8A1CF8DFC800DDDAD3 /* Build configuration list for PBXProject "SiliconValleyCompanies" */ = {
			isa = XCConfigurationList;
			buildConfigurations = (
				B8D45EB51CF8DFC900DDDAD3 /* Debug */,
				B8D45EB61CF8DFC900DDDAD3 /* Release */,
			);
			defaultConfigurationIsVisible = 0;
			defaultConfigurationName = Release;
		};
		B8D45EB71CF8DFC900DDDAD3 /* Build configuration list for PBXNativeTarget "SiliconValleyCompanies" */ = {
			isa = XCConfigurationList;
			buildConfigurations = (
				B8D45EB81CF8DFC900DDDAD3 /* Debug */,
				B8D45EB91CF8DFC900DDDAD3 /* Release */,
			);
			defaultConfigurationIsVisible = 0;
		};
		B8D45EBA1CF8DFC900DDDAD3 /* Build configuration list for PBXNativeTarget "SiliconValleyCompaniesTests" */ = {
			isa = XCConfigurationList;
			buildConfigurations = (
				B8D45EBB1CF8DFC900DDDAD3 /* Debug */,
				B8D45EBC1CF8DFC900DDDAD3 /* Release */,
			);
			defaultConfigurationIsVisible = 0;
		};
		B8D45EBD1CF8DFC900DDDAD3 /* Build configuration list for PBXNativeTarget "SiliconValleyCompaniesUITests" */ = {
			isa = XCConfigurationList;
			buildConfigurations = (
				B8D45EBE1CF8DFC900DDDAD3 /* Debug */,
				B8D45EBF1CF8DFC900DDDAD3 /* Release */,
			);
			defaultConfigurationIsVisible = 0;
		};
/* End XCConfigurationList section */
	};
	rootObject = B8D45E871CF8DFC800DDDAD3 /* Project object */;
}
